
Microsoft Visual Studio Solution File, Format Version 12.00
Project("{FAE04EC0-301F-11D3-BF4B-00C04F79EFBC}") = "BattleshipFrontend", "BattleshipFrontend\BattleshipFrontend.csproj", "{55F43421-914E-414E-94BE-F676A08039FB}"
EndProject
Project("{FAE04EC0-301F-11D3-BF4B-00C04F79EFBC}") = "BattleshipFrontend.Droid", "BattleshipFrontend.Droid\BattleshipFrontend.Droid.csproj", "{D353E685-F305-4BE4-BC5E-45C99498B9BF}"
EndProject
Project("{FAE04EC0-301F-11D3-BF4B-00C04F79EFBC}") = "BattleshipFrontend.iOS", "BattleshipFrontend.iOS\BattleshipFrontend.iOS.csproj", "{9C61968F-244A-48B8-8119-F1E1C07BB739}"
EndProject
Global
	GlobalSection(SolutionConfigurationPlatforms) = preSolution
		Ad-Hoc|iPhone = Ad-Hoc|iPhone
		AppStore|iPhone = AppStore|iPhone
		Debug|Any CPU = Debug|Any CPU
		Debug|iPhone = Debug|iPhone
		Debug|iPhoneSimulator = Debug|iPhoneSimulator
		Release|Any CPU = Release|Any CPU
		Release|iPhone = Release|iPhone
		Release|iPhoneSimulator = Release|iPhoneSimulator
	EndGlobalSection
	GlobalSection(ProjectConfigurationPlatforms) = postSolution
		{55F43421-914E-414E-94BE-F676A08039FB}.Ad-Hoc|iPhone.ActiveCfg = Debug|Any CPU
		{55F43421-914E-414E-94BE-F676A08039FB}.Ad-Hoc|iPhone.Build.0 = Debug|Any CPU
		{55F43421-914E-414E-94BE-F676A08039FB}.AppStore|iPhone.ActiveCfg = Debug|Any CPU
		{55F43421-914E-414E-94BE-F676A08039FB}.AppStore|iPhone.Build.0 = Debug|Any CPU
		{55F43421-914E-414E-94BE-F676A08039FB}.Debug|Any CPU.ActiveCfg = Debug|Any CPU
		{55F43421-914E-414E-94BE-F676A08039FB}.Debug|Any CPU.Build.0 = Debug|Any CPU
		{55F43421-914E-414E-94BE-F676A08039FB}.Debug|iPhone.ActiveCfg = Debug|Any CPU
		{55F43421-914E-414E-94BE-F676A08039FB}.Debug|iPhone.Build.0 = Debug|Any CPU
		{55F43421-914E-414E-94BE-F676A08039FB}.Debug|iPhoneSimulator.ActiveCfg = Debug|Any CPU
		{55F43421-914E-414E-94BE-F676A08039FB}.Debug|iPhoneSimulator.Build.0 = Debug|Any CPU
		{55F43421-914E-414E-94BE-F676A08039FB}.Release|Any CPU.ActiveCfg = Release|Any CPU
		{55F43421-914E-414E-94BE-F676A08039FB}.Release|Any CPU.Build.0 = Release|Any CPU
		{55F43421-914E-414E-94BE-F676A08039FB}.Release|iPhone.ActiveCfg = Release|Any CPU
		{55F43421-914E-414E-94BE-F676A08039FB}.Release|iPhone.Build.0 = Release|Any CPU
		{55F43421-914E-414E-94BE-F676A08039FB}.Release|iPhoneSimulator.ActiveCfg = Release|Any CPU
		{55F43421-914E-414E-94BE-F676A08039FB}.Release|iPhoneSimulator.Build.0 = Release|Any CPU
		{D353E685-F305-4BE4-BC5E-45C99498B9BF}.Ad-Hoc|iPhone.ActiveCfg = Debug|Any CPU
		{D353E685-F305-4BE4-BC5E-45C99498B9BF}.Ad-Hoc|iPhone.Build.0 = Debug|Any CPU
		{D353E685-F305-4BE4-BC5E-45C99498B9BF}.Ad-Hoc|iPhone.Deploy.0 = Debug|Any CPU
		{D353E685-F305-4BE4-BC5E-45C99498B9BF}.AppStore|iPhone.ActiveCfg = Debug|Any CPU
		{D353E685-F305-4BE4-BC5E-45C99498B9BF}.AppStore|iPhone.Build.0 = Debug|Any CPU
		{D353E685-F305-4BE4-BC5E-45C99498B9BF}.AppStore|iPhone.Deploy.0 = Debug|Any CPU
		{D353E685-F305-4BE4-BC5E-45C99498B9BF}.Debug|Any CPU.ActiveCfg = Debug|Any CPU
		{D353E685-F305-4BE4-BC5E-45C99498B9BF}.Debug|Any CPU.Build.0 = Debug|Any CPU
		{D353E685-F305-4BE4-BC5E-45C99498B9BF}.Debug|Any CPU.Deploy.0 = Debug|Any CPU
		{D353E685-F305-4BE4-BC5E-45C99498B9BF}.Debug|iPhone.ActiveCfg = Debug|Any CPU
		{D353E685-F305-4BE4-BC5E-45C99498B9BF}.Debug|iPhone.Build.0 = Debug|Any CPU
		{D353E685-F305-4BE4-BC5E-45C99498B9BF}.Debug|iPhone.Deploy.0 = Debug|Any CPU
		{D353E685-F305-4BE4-BC5E-45C99498B9BF}.Debug|iPhoneSimulator.ActiveCfg = Debug|Any CPU
		{D353E685-F305-4BE4-BC5E-45C99498B9BF}.Debug|iPhoneSimulator.Build.0 = Debug|Any CPU
		{D353E685-F305-4BE4-BC5E-45C99498B9BF}.Debug|iPhoneSimulator.Deploy.0 = Debug|Any CPU
		{D353E685-F305-4BE4-BC5E-45C99498B9BF}.Release|Any CPU.ActiveCfg = Release|Any CPU
		{D353E685-F305-4BE4-BC5E-45C99498B9BF}.Release|Any CPU.Build.0 = Release|Any CPU
		{D353E685-F305-4BE4-BC5E-45C99498B9BF}.Release|Any CPU.Deploy.0 = Release|Any CPU
		{D353E685-F305-4BE4-BC5E-45C99498B9BF}.Release|iPhone.ActiveCfg = Release|Any CPU
		{D353E685-F305-4BE4-BC5E-45C99498B9BF}.Release|iPhone.Build.0 = Release|Any CPU
		{D353E685-F305-4BE4-BC5E-45C99498B9BF}.Release|iPhone.Deploy.0 = Release|Any CPU
		{D353E685-F305-4BE4-BC5E-45C99498B9BF}.Release|iPhoneSimulator.ActiveCfg = Release|Any CPU
		{D353E685-F305-4BE4-BC5E-45C99498B9BF}.Release|iPhoneSimulator.Build.0 = Release|Any CPU
		{D353E685-F305-4BE4-BC5E-45C99498B9BF}.Release|iPhoneSimulator.Deploy.0 = Release|Any CPU
		{9C61968F-244A-48B8-8119-F1E1C07BB739}.Ad-Hoc|iPhone.ActiveCfg = Ad-Hoc|iPhone
		{9C61968F-244A-48B8-8119-F1E1C07BB739}.Ad-Hoc|iPhone.Build.0 = Ad-Hoc|iPhone
		{9C61968F-244A-48B8-8119-F1E1C07BB739}.Ad-Hoc|iPhone.Deploy.0 = Ad-Hoc|iPhone
		{9C61968F-244A-48B8-8119-F1E1C07BB739}.AppStore|iPhone.ActiveCfg = AppStore|iPhone
		{9C61968F-244A-48B8-8119-F1E1C07BB739}.AppStore|iPhone.Build.0 = AppStore|iPhone
		{9C61968F-244A-48B8-8119-F1E1C07BB739}.AppStore|iPhone.Deploy.0 = AppStore|iPhone
		{9C61968F-244A-48B8-8119-F1E1C07BB739}.Debug|Any CPU.ActiveCfg = Debug|iPhoneSimulator
		{9C61968F-244A-48B8-8119-F1E1C07BB739}.Debug|Any CPU.Build.0 = Debug|iPhoneSimulator
		{9C61968F-244A-48B8-8119-F1E1C07BB739}.Debug|Any CPU.Deploy.0 = Debug|iPhoneSimulator
		{9C61968F-244A-48B8-8119-F1E1C07BB739}.Debug|iPhone.ActiveCfg = Debug|iPhone
		{9C61968F-244A-48B8-8119-F1E1C07BB739}.Debug|iPhone.Build.0 = Debug|iPhone
		{9C61968F-244A-48B8-8119-F1E1C07BB739}.Debug|iPhone.Deploy.0 = Debug|iPhone
		{9C61968F-244A-48B8-8119-F1E1C07BB739}.Debug|iPhoneSimulator.ActiveCfg = Debug|iPhoneSimulator
		{9C61968F-244A-48B8-8119-F1E1C07BB739}.Debug|iPhoneSimulator.Build.0 = Debug|iPhoneSimulator
		{9C61968F-244A-48B8-8119-F1E1C07BB739}.Debug|iPhoneSimulator.Deploy.0 = Debug|iPhoneSimulator
		{9C61968F-244A-48B8-8119-F1E1C07BB739}.Release|Any CPU.ActiveCfg = Release|iPhoneSimulator
		{9C61968F-244A-48B8-8119-F1E1C07BB739}.Release|Any CPU.Build.0 = Release|iPhoneSimulator
		{9C61968F-244A-48B8-8119-F1E1C07BB739}.Release|Any CPU.Deploy.0 = Release|iPhoneSimulator
		{9C61968F-244A-48B8-8119-F1E1C07BB739}.Release|iPhone.ActiveCfg = Release|iPhone
		{9C61968F-244A-48B8-8119-F1E1C07BB739}.Release|iPhone.Build.0 = Release|iPhone
		{9C61968F-244A-48B8-8119-F1E1C07BB739}.Release|iPhone.Deploy.0 = Release|iPhone
		{9C61968F-244A-48B8-8119-F1E1C07BB739}.Release|iPhoneSimulator.ActiveCfg = Release|iPhoneSimulator
		{9C61968F-244A-48B8-8119-F1E1C07BB739}.Release|iPhoneSimulator.Build.0 = Release|iPhoneSimulator
		{9C61968F-244A-48B8-8119-F1E1C07BB739}.Release|iPhoneSimulator.Deploy.0 = Release|iPhoneSimulator
	EndGlobalSection
EndGlobal
